// !$*UTF8*$!
{
	archiveVersion = 1;
	classes = {
	};
	objectVersion = 55;
	objects = {

/* Begin PBXBuildFile section */
		843FE07B284FD5B0005FF8B2 /* Question.swift in Sources */ = {isa = PBXBuildFile; fileRef = 843FE07A284FD5B0005FF8B2 /* Question.swift */; };
		843FE07D284FE805005FF8B2 /* QuestionsViewController.swift in Sources */ = {isa = PBXBuildFile; fileRef = 843FE07C284FE805005FF8B2 /* QuestionsViewController.swift */; };
		843FE07F284FE829005FF8B2 /* ResultViewController.swift in Sources */ = {isa = PBXBuildFile; fileRef = 843FE07E284FE829005FF8B2 /* ResultViewController.swift */; };
		846DDE7028490CBD000BE62D /* AppDelegate.swift in Sources */ = {isa = PBXBuildFile; fileRef = 846DDE6F28490CBD000BE62D /* AppDelegate.swift */; };
		846DDE7228490CBD000BE62D /* SceneDelegate.swift in Sources */ = {isa = PBXBuildFile; fileRef = 846DDE7128490CBD000BE62D /* SceneDelegate.swift */; };
		846DDE7428490CBD000BE62D /* IntroductionViewController.swift in Sources */ = {isa = PBXBuildFile; fileRef = 846DDE7328490CBD000BE62D /* IntroductionViewController.swift */; };
		846DDE7728490CBD000BE62D /* Main.storyboard in Resources */ = {isa = PBXBuildFile; fileRef = 846DDE7528490CBD000BE62D /* Main.storyboard */; };
		846DDE7928490CBF000BE62D /* Assets.xcassets in Resources */ = {isa = PBXBuildFile; fileRef = 846DDE7828490CBF000BE62D /* Assets.xcassets */; };
		846DDE7C28490CBF000BE62D /* LaunchScreen.storyboard in Resources */ = {isa = PBXBuildFile; fileRef = 846DDE7A28490CBF000BE62D /* LaunchScreen.storyboard */; };
/* End PBXBuildFile section */

/* Begin PBXFileReference section */
		843FE07A284FD5B0005FF8B2 /* Question.swift */ = {isa = PBXFileReference; lastKnownFileType = sourcecode.swift; path = Question.swift; sourceTree = "<group>"; };
		843FE07C284FE805005FF8B2 /* QuestionsViewController.swift */ = {isa = PBXFileReference; lastKnownFileType = sourcecode.swift; path = QuestionsViewController.swift; sourceTree = "<group>"; };
		843FE07E284FE829005FF8B2 /* ResultViewController.swift */ = {isa = PBXFileReference; lastKnownFileType = sourcecode.swift; path = ResultViewController.swift; sourceTree = "<group>"; };
		846DDE6C28490CBD000BE62D /* 2.5.app */ = {isa = PBXFileReference; explicitFileType = wrapper.application; includeInIndex = 0; path = 2.5.app; sourceTree = BUILT_PRODUCTS_DIR; };
		846DDE6F28490CBD000BE62D /* AppDelegate.swift */ = {isa = PBXFileReference; lastKnownFileType = sourcecode.swift; path = AppDelegate.swift; sourceTree = "<group>"; };
		846DDE7128490CBD000BE62D /* SceneDelegate.swift */ = {isa = PBXFileReference; lastKnownFileType = sourcecode.swift; path = SceneDelegate.swift; sourceTree = "<group>"; };
		846DDE7328490CBD000BE62D /* IntroductionViewController.swift */ = {isa = PBXFileReference; lastKnownFileType = sourcecode.swift; path = IntroductionViewController.swift; sourceTree = "<group>"; };
		846DDE7628490CBD000BE62D /* Base */ = {isa = PBXFileReference; lastKnownFileType = file.storyboard; name = Base; path = Base.lproj/Main.storyboard; sourceTree = "<group>"; };
		846DDE7828490CBF000BE62D /* Assets.xcassets */ = {isa = PBXFileReference; lastKnownFileType = folder.assetcatalog; path = Assets.xcassets; sourceTree = "<group>"; };
		846DDE7B28490CBF000BE62D /* Base */ = {isa = PBXFileReference; lastKnownFileType = file.storyboard; name = Base; path = Base.lproj/LaunchScreen.storyboard; sourceTree = "<group>"; };
		846DDE7D28490CBF000BE62D /* Info.plist */ = {isa = PBXFileReference; lastKnownFileType = text.plist.xml; path = Info.plist; sourceTree = "<group>"; };
/* End PBXFileReference section */

/* Begin PBXFrameworksBuildPhase section */
		846DDE6928490CBD000BE62D /* Frameworks */ = {
			isa = PBXFrameworksBuildPhase;
			buildActionMask = 2147483647;
			files = (
			);
			runOnlyForDeploymentPostprocessing = 0;
		};
/* End PBXFrameworksBuildPhase section */

/* Begin PBXGroup section */
		843FE075284FD05F005FF8B2 /* Storyboards */ = {
			isa = PBXGroup;
			children = (
				846DDE7528490CBD000BE62D /* Main.storyboard */,
				846DDE7A28490CBF000BE62D /* LaunchScreen.storyboard */,
			);
			path = Storyboards;
			sourceTree = "<group>";
		};
		843FE076284FD06E005FF8B2 /* ViewControllers */ = {
			isa = PBXGroup;
			children = (
				846DDE7328490CBD000BE62D /* IntroductionViewController.swift */,
				843FE07C284FE805005FF8B2 /* QuestionsViewController.swift */,
				843FE07E284FE829005FF8B2 /* ResultViewController.swift */,
			);
			path = ViewControllers;
			sourceTree = "<group>";
		};
		843FE077284FD0B0005FF8B2 /* Resources */ = {
			isa = PBXGroup;
			children = (
				846DDE7828490CBF000BE62D /* Assets.xcassets */,
			);
			path = Resources;
			sourceTree = "<group>";
		};
		843FE078284FD0C3005FF8B2 /* App */ = {
			isa = PBXGroup;
			children = (
				846DDE6F28490CBD000BE62D /* AppDelegate.swift */,
				846DDE7128490CBD000BE62D /* SceneDelegate.swift */,
				846DDE7D28490CBF000BE62D /* Info.plist */,
			);
			path = App;
			sourceTree = "<group>";
		};
		843FE079284FD0D6005FF8B2 /* Models */ = {
			isa = PBXGroup;
			children = (
				843FE07A284FD5B0005FF8B2 /* Question.swift */,
			);
			path = Models;
			sourceTree = "<group>";
		};
		846DDE6328490CBD000BE62D = {
			isa = PBXGroup;
			children = (
				846DDE6E28490CBD000BE62D /* 2.5 */,
				846DDE6D28490CBD000BE62D /* Products */,
			);
			sourceTree = "<group>";
		};
		846DDE6D28490CBD000BE62D /* Products */ = {
			isa = PBXGroup;
			children = (
				846DDE6C28490CBD000BE62D /* 2.5.app */,
			);
			name = Products;
			sourceTree = "<group>";
		};
		846DDE6E28490CBD000BE62D /* 2.5 */ = {
			isa = PBXGroup;
			children = (
				843FE079284FD0D6005FF8B2 /* Models */,
				843FE078284FD0C3005FF8B2 /* App */,
				843FE076284FD06E005FF8B2 /* ViewControllers */,
				843FE075284FD05F005FF8B2 /* Storyboards */,
				843FE077284FD0B0005FF8B2 /* Resources */,
			);
			path = 2.5;
			sourceTree = "<group>";
		};
/* End PBXGroup section */

/* Begin PBXNativeTarget section */
		846DDE6B28490CBD000BE62D /* 2.5 */ = {
			isa = PBXNativeTarget;
			buildConfigurationList = 846DDE8028490CBF000BE62D /* Build configuration list for PBXNativeTarget "2.5" */;
			buildPhases = (
				846DDE6828490CBD000BE62D /* Sources */,
				846DDE6928490CBD000BE62D /* Frameworks */,
				846DDE6A28490CBD000BE62D /* Resources */,
			);
			buildRules = (
			);
			dependencies = (
			);
			name = 2.5;
			productName = 2.5;
			productReference = 846DDE6C28490CBD000BE62D /* 2.5.app */;
			productType = "com.apple.product-type.application";
		};
/* End PBXNativeTarget section */

/* Begin PBXProject section */
		846DDE6428490CBD000BE62D /* Project object */ = {
			isa = PBXProject;
			attributes = {
				BuildIndependentTargetsInParallel = 1;
				LastSwiftUpdateCheck = 1340;
				LastUpgradeCheck = 1340;
				TargetAttributes = {
					846DDE6B28490CBD000BE62D = {
						CreatedOnToolsVersion = 13.4;
					};
				};
			};
			buildConfigurationList = 846DDE6728490CBD000BE62D /* Build configuration list for PBXProject "2.5" */;
			compatibilityVersion = "Xcode 13.0";
			developmentRegion = en;
			hasScannedForEncodings = 0;
			knownRegions = (
				en,
				Base,
			);
			mainGroup = 846DDE6328490CBD000BE62D;
			productRefGroup = 846DDE6D28490CBD000BE62D /* Products */;
			projectDirPath = "";
			projectRoot = "";
			targets = (
				846DDE6B28490CBD000BE62D /* 2.5 */,
			);
		};
/* End PBXProject section */

/* Begin PBXResourcesBuildPhase section */
		846DDE6A28490CBD000BE62D /* Resources */ = {
			isa = PBXResourcesBuildPhase;
			buildActionMask = 2147483647;
			files = (
				846DDE7C28490CBF000BE62D /* LaunchScreen.storyboard in Resources */,
				846DDE7928490CBF000BE62D /* Assets.xcassets in Resources */,
				846DDE7728490CBD000BE62D /* Main.storyboard in Resources */,
			);
			runOnlyForDeploymentPostprocessing = 0;
		};
/* End PBXResourcesBuildPhase section */

/* Begin PBXSourcesBuildPhase section */
		846DDE6828490CBD000BE62D /* Sources */ = {
			isa = PBXSourcesBuildPhase;
			buildActionMask = 2147483647;
			files = (
				846DDE7428490CBD000BE62D /* IntroductionViewController.swift in Sources */,
				843FE07D284FE805005FF8B2 /* QuestionsViewController.swift in Sources */,
				843FE07B284FD5B0005FF8B2 /* Question.swift in Sources */,
				846DDE7028490CBD000BE62D /* AppDelegate.swift in Sources */,
				846DDE7228490CBD000BE62D /* SceneDelegate.swift in Sources */,
				843FE07F284FE829005FF8B2 /* ResultViewController.swift in Sources */,
			);
			runOnlyForDeploymentPostprocessing = 0;
		};
/* End PBXSourcesBuildPhase section */

/* Begin PBXVariantGroup section */
		846DDE7528490CBD000BE62D /* Main.storyboard */ = {
			isa = PBXVariantGroup;
			children = (
				846DDE7628490CBD000BE62D /* Base */,
			);
			name = Main.storyboard;
			sourceTree = "<group>";
		};
		846DDE7A28490CBF000BE62D /* LaunchScreen.storyboard */ = {
			isa = PBXVariantGroup;
			children = (
				846DDE7B28490CBF000BE62D /* Base */,
			);
			name = LaunchScreen.storyboard;
			sourceTree = "<group>";
		};
/* End PBXVariantGroup section */

/* Begin XCBuildConfiguration section */
		846DDE7E28490CBF000BE62D /* Debug */ = {
			isa = XCBuildConfiguration;
			buildSettings = {
				ALWAYS_SEARCH_USER_PATHS = NO;
				CLANG_ANALYZER_NONNULL = YES;
				CLANG_ANALYZER_NUMBER_OBJECT_CONVERSION = YES_AGGRESSIVE;
				CLANG_CXX_LANGUAGE_STANDARD = "gnu++17";
				CLANG_ENABLE_MODULES = YES;
				CLANG_ENABLE_OBJC_ARC = YES;
				CLANG_ENABLE_OBJC_WEAK = YES;
				CLANG_WARN_BLOCK_CAPTURE_AUTORELEASING = YES;
				CLANG_WARN_BOOL_CONVERSION = YES;
				CLANG_WARN_COMMA = YES;
				CLANG_WARN_CONSTANT_CONVERSION = YES;
				CLANG_WARN_DEPRECATED_OBJC_IMPLEMENTATIONS = YES;
				CLANG_WARN_DIRECT_OBJC_ISA_USAGE = YES_ERROR;
				CLANG_WARN_DOCUMENTATION_COMMENTS = YES;
				CLANG_WARN_EMPTY_BODY = YES;
				CLANG_WARN_ENUM_CONVERSION = YES;
				CLANG_WARN_INFINITE_RECURSION = YES;
				CLANG_WARN_INT_CONVERSION = YES;
				CLANG_WARN_NON_LITERAL_NULL_CONVERSION = YES;
				CLANG_WARN_OBJC_IMPLICIT_RETAIN_SELF = YES;
				CLANG_WARN_OBJC_LITERAL_CONVERSION = YES;
				CLANG_WARN_OBJC_ROOT_CLASS = YES_ERROR;
				CLANG_WARN_QUOTED_INCLUDE_IN_FRAMEWORK_HEADER = YES;
				CLANG_WARN_RANGE_LOOP_ANALYSIS = YES;
				CLANG_WARN_STRICT_PROTOTYPES = YES;
				CLANG_WARN_SUSPICIOUS_MOVE = YES;
				CLANG_WARN_UNGUARDED_AVAILABILITY = YES_AGGRESSIVE;
				CLANG_WARN_UNREACHABLE_CODE = YES;
				CLANG_WARN__DUPLICATE_METHOD_MATCH = YES;
				COPY_PHASE_STRIP = NO;
				DEBUG_INFORMATION_FORMAT = dwarf;
				ENABLE_STRICT_OBJC_MSGSEND = YES;
				ENABLE_TESTABILITY = YES;
				GCC_C_LANGUAGE_STANDARD = gnu11;
				GCC_DYNAMIC_NO_PIC = NO;
				GCC_NO_COMMON_BLOCKS = YES;
				GCC_OPTIMIZATION_LEVEL = 0;
				GCC_PREPROCESSOR_DEFINITIONS = (
					"DEBUG=1",
					"$(inherited)",
				);
				GCC_WARN_64_TO_32_BIT_CONVERSION = YES;
				GCC_WARN_ABOUT_RETURN_TYPE = YES_ERROR;
				GCC_WARN_UNDECLARED_SELECTOR = YES;
				GCC_WARN_UNINITIALIZED_AUTOS = YES_AGGRESSIVE;
				GCC_WARN_UNUSED_FUNCTION = YES;
				GCC_WARN_UNUSED_VARIABLE = YES;
				IPHONEOS_DEPLOYMENT_TARGET = 15.5;
				MTL_ENABLE_DEBUG_INFO = INCLUDE_SOURCE;
				MTL_FAST_MATH = YES;
				ONLY_ACTIVE_ARCH = YES;
				SDKROOT = iphoneos;
				SWIFT_ACTIVE_COMPILATION_CONDITIONS = DEBUG;
				SWIFT_OPTIMIZATION_LEVEL = "-Onone";
			};
			name = Debug;
		};
		846DDE7F28490CBF000BE62D /* Release */ = {
			isa = XCBuildConfiguration;
			buildSettings = {
				ALWAYS_SEARCH_USER_PATHS = NO;
				CLANG_ANALYZER_NONNULL = YES;
				CLANG_ANALYZER_NUMBER_OBJECT_CONVERSION = YES_AGGRESSIVE;
				CLANG_CXX_LANGUAGE_STANDARD = "gnu++17";
				CLANG_ENABLE_MODULES = YES;
				CLANG_ENABLE_OBJC_ARC = YES;
				CLANG_ENABLE_OBJC_WEAK = YES;
				CLANG_WARN_BLOCK_CAPTURE_AUTORELEASING = YES;
				CLANG_WARN_BOOL_CONVERSION = YES;
				CLANG_WARN_COMMA = YES;
				CLANG_WARN_CONSTANT_CONVERSION = YES;
				CLANG_WARN_DEPRECATED_OBJC_IMPLEMENTATIONS = YES;
				CLANG_WARN_DIRECT_OBJC_ISA_USAGE = YES_ERROR;
				CLANG_WARN_DOCUMENTATION_COMMENTS = YES;
				CLANG_WARN_EMPTY_BODY = YES;
				CLANG_WARN_ENUM_CONVERSION = YES;
				CLANG_WARN_INFINITE_RECURSION = YES;
				CLANG_WARN_INT_CONVERSION = YES;
				CLANG_WARN_NON_LITERAL_NULL_CONVERSION = YES;
				CLANG_WARN_OBJC_IMPLICIT_RETAIN_SELF = YES;
				CLANG_WARN_OBJC_LITERAL_CONVERSION = YES;
				CLANG_WARN_OBJC_ROOT_CLASS = YES_ERROR;
				CLANG_WARN_QUOTED_INCLUDE_IN_FRAMEWORK_HEADER = YES;
				CLANG_WARN_RANGE_LOOP_ANALYSIS = YES;
				CLANG_WARN_STRICT_PROTOTYPES = YES;
				CLANG_WARN_SUSPICIOUS_MOVE = YES;
				CLANG_WARN_UNGUARDED_AVAILABILITY = YES_AGGRESSIVE;
				CLANG_WARN_UNREACHABLE_CODE = YES;
				CLANG_WARN__DUPLICATE_METHOD_MATCH = YES;
				COPY_PHASE_STRIP = NO;
				DEBUG_INFORMATION_FORMAT = "dwarf-with-dsym";
				ENABLE_NS_ASSERTIONS = NO;
				ENABLE_STRICT_OBJC_MSGSEND = YES;
				GCC_C_LANGUAGE_STANDARD = gnu11;
				GCC_NO_COMMON_BLOCKS = YES;
				GCC_WARN_64_TO_32_BIT_CONVERSION = YES;
				GCC_WARN_ABOUT_RETURN_TYPE = YES_ERROR;
				GCC_WARN_UNDECLARED_SELECTOR = YES;
				GCC_WARN_UNINITIALIZED_AUTOS = YES_AGGRESSIVE;
				GCC_WARN_UNUSED_FUNCTION = YES;
				GCC_WARN_UNUSED_VARIABLE = YES;
				IPHONEOS_DEPLOYMENT_TARGET = 15.5;
				MTL_ENABLE_DEBUG_INFO = NO;
				MTL_FAST_MATH = YES;
				SDKROOT = iphoneos;
				SWIFT_COMPILATION_MODE = wholemodule;
				SWIFT_OPTIMIZATION_LEVEL = "-O";
				VALIDATE_PRODUCT = YES;
			};
			name = Release;
		};
		846DDE8128490CBF000BE62D /* Debug */ = {
			isa = XCBuildConfiguration;
			buildSettings = {
				ASSETCATALOG_COMPILER_APPICON_NAME = AppIcon;
				ASSETCATALOG_COMPILER_GLOBAL_ACCENT_COLOR_NAME = AccentColor;
				CODE_SIGN_STYLE = Automatic;
				CURRENT_PROJECT_VERSION = 1;
				DEVELOPMENT_TEAM = 7AFA87CCA7;
				GENERATE_INFOPLIST_FILE = YES;
				INFOPLIST_FILE = 2.5/App/Info.plist;
				INFOPLIST_KEY_UIApplicationSupportsIndirectInputEvents = YES;
				INFOPLIST_KEY_UILaunchStoryboardName = LaunchScreen;
				INFOPLIST_KEY_UIMainStoryboardFile = Main;
				INFOPLIST_KEY_UISupportedInterfaceOrientations_iPad = "UIInterfaceOrientationPortrait UIInterfaceOrientationPortraitUpsideDown UIInterfaceOrientationLandscapeLeft UIInterfaceOrientationLandscapeRight";
				INFOPLIST_KEY_UISupportedInterfaceOrientations_iPhone = "UIInterfaceOrientationPortrait UIInterfaceOrientationLandscapeLeft UIInterfaceOrientationLandscapeRight";
				LD_RUNPATH_SEARCH_PATHS = (
					"$(inherited)",
					"@executable_path/Frameworks",
				);
				MARKETING_VERSION = 1.0;
				PRODUCT_BUNDLE_IDENTIFIER = "ru.RI.--5";
				PRODUCT_NAME = "$(TARGET_NAME)";
				SWIFT_EMIT_LOC_STRINGS = YES;
				SWIFT_VERSION = 5.0;
				TARGETED_DEVICE_FAMILY = "1,2";
			};
			name = Debug;
		};
		846DDE8228490CBF000BE62D /* Release */ = {
			isa = XCBuildConfiguration;
			buildSettings = {
				ASSETCATALOG_COMPILER_APPICON_NAME = AppIcon;
				ASSETCATALOG_COMPILER_GLOBAL_ACCENT_COLOR_NAME = AccentColor;
				CODE_SIGN_STYLE = Automatic;
				CURRENT_PROJECT_VERSION = 1;
				DEVELOPMENT_TEAM = 7AFA87CCA7;
				GENERATE_INFOPLIST_FILE = YES;
				INFOPLIST_FILE = 2.5/App/Info.plist;
				INFOPLIST_KEY_UIApplicationSupportsIndirectInputEvents = YES;
				INFOPLIST_KEY_UILaunchStoryboardName = LaunchScreen;
				INFOPLIST_KEY_UIMainStoryboardFile = Main;
				INFOPLIST_KEY_UISupportedInterfaceOrientations_iPad = "UIInterfaceOrientationPortrait UIInterfaceOrientationPortraitUpsideDown UIInterfaceOrientationLandscapeLeft UIInterfaceOrientationLandscapeRight";
				INFOPLIST_KEY_UISupportedInterfaceOrientations_iPhone = "UIInterfaceOrientationPortrait UIInterfaceOrientationLandscapeLeft UIInterfaceOrientationLandscapeRight";
				LD_RUNPATH_SEARCH_PATHS = (
					"$(inherited)",
					"@executable_path/Frameworks",
				);
				MARKETING_VERSION = 1.0;
				PRODUCT_BUNDLE_IDENTIFIER = "ru.RI.--5";
				PRODUCT_NAME = "$(TARGET_NAME)";
				SWIFT_EMIT_LOC_STRINGS = YES;
				SWIFT_VERSION = 5.0;
				TARGETED_DEVICE_FAMILY = "1,2";
			};
			name = Release;
		};
/* End XCBuildConfiguration section */

/* Begin XCConfigurationList section */
		846DDE6728490CBD000BE62D /* Build configuration list for PBXProject "2.5" */ = {
			isa = XCConfigurationList;
			buildConfigurations = (
				846DDE7E28490CBF000BE62D /* Debug */,
				846DDE7F28490CBF000BE62D /* Release */,
			);
			defaultConfigurationIsVisible = 0;
			defaultConfigurationName = Release;
		};
		846DDE8028490CBF000BE62D /* Build configuration list for PBXNativeTarget "2.5" */ = {
			isa = XCConfigurationList;
			buildConfigurations = (
				846DDE8128490CBF000BE62D /* Debug */,
				846DDE8228490CBF000BE62D /* Release */,
			);
			defaultConfigurationIsVisible = 0;
			defaultConfigurationName = Release;
		};
/* End XCConfigurationList section */
	};
	rootObject = 846DDE6428490CBD000BE62D /* Project object */;
}
